// !$*UTF8*$!
{
	archiveVersion = 1;
	classes = {
	};
	objectVersion = 50;
	objects = {

/* Begin PBXBuildFile section */
		0416779421C46CE3007EB8F0 /* TableViewCell.swift in Sources */ = {isa = PBXBuildFile; fileRef = 0416779321C46CE3007EB8F0 /* TableViewCell.swift */; };
		0416779821C46F86007EB8F0 /* TableViewController.swift in Sources */ = {isa = PBXBuildFile; fileRef = 0416779721C46F86007EB8F0 /* TableViewController.swift */; };
		0457D6D521BFD081008E4232 /* AchievedScoreViewController.swift in Sources */ = {isa = PBXBuildFile; fileRef = 0457D6D421BFD081008E4232 /* AchievedScoreViewController.swift */; };
		0478027721BFC3FC00453EC7 /* CurrentGame.swift in Sources */ = {isa = PBXBuildFile; fileRef = 0478027621BFC3FC00453EC7 /* CurrentGame.swift */; };
		047FEB3921BC0EF200B072B3 /* AppDelegate.swift in Sources */ = {isa = PBXBuildFile; fileRef = 047FEB3821BC0EF200B072B3 /* AppDelegate.swift */; };
		047FEB3E21BC0EF200B072B3 /* Main.storyboard in Resources */ = {isa = PBXBuildFile; fileRef = 047FEB3C21BC0EF200B072B3 /* Main.storyboard */; };
		047FEB4021BC0EF300B072B3 /* Assets.xcassets in Resources */ = {isa = PBXBuildFile; fileRef = 047FEB3F21BC0EF300B072B3 /* Assets.xcassets */; };
		047FEB4321BC0EF300B072B3 /* LaunchScreen.storyboard in Resources */ = {isa = PBXBuildFile; fileRef = 047FEB4121BC0EF300B072B3 /* LaunchScreen.storyboard */; };
		047FEB4F21BC104400B072B3 /* CategoryViewController.swift in Sources */ = {isa = PBXBuildFile; fileRef = 047FEB4E21BC104400B072B3 /* CategoryViewController.swift */; };
		047FEB5121BC147D00B072B3 /* TriviaViewController.swift in Sources */ = {isa = PBXBuildFile; fileRef = 047FEB5021BC147D00B072B3 /* TriviaViewController.swift */; };
		047FEB5321BD24FA00B072B3 /* MenuController.swift in Sources */ = {isa = PBXBuildFile; fileRef = 047FEB5221BD24FA00B072B3 /* MenuController.swift */; };
		047FEB5521BD2CDE00B072B3 /* Questions.swift in Sources */ = {isa = PBXBuildFile; fileRef = 047FEB5421BD2CDE00B072B3 /* Questions.swift */; };
		047FEB5721BD2DE800B072B3 /* HighScoreController.swift in Sources */ = {isa = PBXBuildFile; fileRef = 047FEB5621BD2DE800B072B3 /* HighScoreController.swift */; };
		0491341321C587D90087127B /* AllScores.swift in Sources */ = {isa = PBXBuildFile; fileRef = 0491341221C587D90087127B /* AllScores.swift */; };
		04F1F7E021C11955001B7E55 /* Score.swift in Sources */ = {isa = PBXBuildFile; fileRef = 04F1F7DF21C11955001B7E55 /* Score.swift */; };
		C8468E6CB241305063EA2507 /* Pods_Trivia.framework in Frameworks */ = {isa = PBXBuildFile; fileRef = 9B150EE6919DA0F3805552A8 /* Pods_Trivia.framework */; };
/* End PBXBuildFile section */

/* Begin PBXFileReference section */
		0416779321C46CE3007EB8F0 /* TableViewCell.swift */ = {isa = PBXFileReference; lastKnownFileType = sourcecode.swift; path = TableViewCell.swift; sourceTree = "<group>"; };
		0416779721C46F86007EB8F0 /* TableViewController.swift */ = {isa = PBXFileReference; lastKnownFileType = sourcecode.swift; path = TableViewController.swift; sourceTree = "<group>"; };
		0457D6D421BFD081008E4232 /* AchievedScoreViewController.swift */ = {isa = PBXFileReference; lastKnownFileType = sourcecode.swift; path = AchievedScoreViewController.swift; sourceTree = "<group>"; };
		0478027621BFC3FC00453EC7 /* CurrentGame.swift */ = {isa = PBXFileReference; lastKnownFileType = sourcecode.swift; path = CurrentGame.swift; sourceTree = "<group>"; };
		047FEB3521BC0EF200B072B3 /* Trivia.app */ = {isa = PBXFileReference; explicitFileType = wrapper.application; includeInIndex = 0; path = Trivia.app; sourceTree = BUILT_PRODUCTS_DIR; };
		047FEB3821BC0EF200B072B3 /* AppDelegate.swift */ = {isa = PBXFileReference; lastKnownFileType = sourcecode.swift; path = AppDelegate.swift; sourceTree = "<group>"; };
		047FEB3D21BC0EF200B072B3 /* Base */ = {isa = PBXFileReference; lastKnownFileType = file.storyboard; name = Base; path = Base.lproj/Main.storyboard; sourceTree = "<group>"; };
		047FEB3F21BC0EF300B072B3 /* Assets.xcassets */ = {isa = PBXFileReference; lastKnownFileType = folder.assetcatalog; path = Assets.xcassets; sourceTree = "<group>"; };
		047FEB4221BC0EF300B072B3 /* Base */ = {isa = PBXFileReference; lastKnownFileType = file.storyboard; name = Base; path = Base.lproj/LaunchScreen.storyboard; sourceTree = "<group>"; };
		047FEB4421BC0EF300B072B3 /* Info.plist */ = {isa = PBXFileReference; lastKnownFileType = text.plist.xml; path = Info.plist; sourceTree = "<group>"; };
		047FEB4E21BC104400B072B3 /* CategoryViewController.swift */ = {isa = PBXFileReference; lastKnownFileType = sourcecode.swift; path = CategoryViewController.swift; sourceTree = "<group>"; };
		047FEB5021BC147D00B072B3 /* TriviaViewController.swift */ = {isa = PBXFileReference; lastKnownFileType = sourcecode.swift; path = TriviaViewController.swift; sourceTree = "<group>"; };
		047FEB5221BD24FA00B072B3 /* MenuController.swift */ = {isa = PBXFileReference; lastKnownFileType = sourcecode.swift; path = MenuController.swift; sourceTree = "<group>"; };
		047FEB5421BD2CDE00B072B3 /* Questions.swift */ = {isa = PBXFileReference; lastKnownFileType = sourcecode.swift; path = Questions.swift; sourceTree = "<group>"; };
		047FEB5621BD2DE800B072B3 /* HighScoreController.swift */ = {isa = PBXFileReference; lastKnownFileType = sourcecode.swift; path = HighScoreController.swift; sourceTree = "<group>"; };
		0491341221C587D90087127B /* AllScores.swift */ = {isa = PBXFileReference; lastKnownFileType = sourcecode.swift; path = AllScores.swift; sourceTree = "<group>"; };
		04F1F7DF21C11955001B7E55 /* Score.swift */ = {isa = PBXFileReference; lastKnownFileType = sourcecode.swift; path = Score.swift; sourceTree = "<group>"; };
		52C27668CA8665C0D098B55F /* Pods-Trivia.release.xcconfig */ = {isa = PBXFileReference; includeInIndex = 1; lastKnownFileType = text.xcconfig; name = "Pods-Trivia.release.xcconfig"; path = "Pods/Target Support Files/Pods-Trivia/Pods-Trivia.release.xcconfig"; sourceTree = "<group>"; };
		9B150EE6919DA0F3805552A8 /* Pods_Trivia.framework */ = {isa = PBXFileReference; explicitFileType = wrapper.framework; includeInIndex = 0; path = Pods_Trivia.framework; sourceTree = BUILT_PRODUCTS_DIR; };
		A1A6B48C3C16836E0630F0AF /* Pods-Trivia.debug.xcconfig */ = {isa = PBXFileReference; includeInIndex = 1; lastKnownFileType = text.xcconfig; name = "Pods-Trivia.debug.xcconfig"; path = "Pods/Target Support Files/Pods-Trivia/Pods-Trivia.debug.xcconfig"; sourceTree = "<group>"; };
/* End PBXFileReference section */

/* Begin PBXFrameworksBuildPhase section */
		047FEB3221BC0EF200B072B3 /* Frameworks */ = {
			isa = PBXFrameworksBuildPhase;
			buildActionMask = 2147483647;
			files = (
				C8468E6CB241305063EA2507 /* Pods_Trivia.framework in Frameworks */,
			);
			runOnlyForDeploymentPostprocessing = 0;
		};
/* End PBXFrameworksBuildPhase section */

/* Begin PBXGroup section */
		047FEB2C21BC0EF200B072B3 = {
			isa = PBXGroup;
			children = (
				047FEB3721BC0EF200B072B3 /* Trivia */,
				047FEB3621BC0EF200B072B3 /* Products */,
				072325C39E3B973043839D6B /* Pods */,
				74C528A117D29E1EFAF28F82 /* Frameworks */,
			);
			sourceTree = "<group>";
		};
		047FEB3621BC0EF200B072B3 /* Products */ = {
			isa = PBXGroup;
			children = (
				047FEB3521BC0EF200B072B3 /* Trivia.app */,
			);
			name = Products;
			sourceTree = "<group>";
		};
		047FEB3721BC0EF200B072B3 /* Trivia */ = {
			isa = PBXGroup;
			children = (
				047FEB5921BD4D8100B072B3 /* ViewControllers */,
				047FEB5821BD4D2B00B072B3 /* Swift */,
				047FEB3821BC0EF200B072B3 /* AppDelegate.swift */,
				047FEB3C21BC0EF200B072B3 /* Main.storyboard */,
				047FEB3F21BC0EF300B072B3 /* Assets.xcassets */,
				047FEB4121BC0EF300B072B3 /* LaunchScreen.storyboard */,
				047FEB4421BC0EF300B072B3 /* Info.plist */,
			);
			path = Trivia;
			sourceTree = "<group>";
		};
		047FEB5821BD4D2B00B072B3 /* Swift */ = {
			isa = PBXGroup;
			children = (
				047FEB5221BD24FA00B072B3 /* MenuController.swift */,
				047FEB5621BD2DE800B072B3 /* HighScoreController.swift */,
				04F1F7DF21C11955001B7E55 /* Score.swift */,
				0491341221C587D90087127B /* AllScores.swift */,
				047FEB5421BD2CDE00B072B3 /* Questions.swift */,
				0478027621BFC3FC00453EC7 /* CurrentGame.swift */,
			);
			path = Swift;
			sourceTree = "<group>";
		};
		047FEB5921BD4D8100B072B3 /* ViewControllers */ = {
			isa = PBXGroup;
			children = (
				047FEB4E21BC104400B072B3 /* CategoryViewController.swift */,
				047FEB5021BC147D00B072B3 /* TriviaViewController.swift */,
				0457D6D421BFD081008E4232 /* AchievedScoreViewController.swift */,
				0416779321C46CE3007EB8F0 /* TableViewCell.swift */,
				0416779721C46F86007EB8F0 /* TableViewController.swift */,
			);
			path = ViewControllers;
			sourceTree = "<group>";
		};
		072325C39E3B973043839D6B /* Pods */ = {
			isa = PBXGroup;
			children = (
				A1A6B48C3C16836E0630F0AF /* Pods-Trivia.debug.xcconfig */,
				52C27668CA8665C0D098B55F /* Pods-Trivia.release.xcconfig */,
			);
			name = Pods;
			sourceTree = "<group>";
		};
		74C528A117D29E1EFAF28F82 /* Frameworks */ = {
			isa = PBXGroup;
			children = (
				9B150EE6919DA0F3805552A8 /* Pods_Trivia.framework */,
			);
			name = Frameworks;
			sourceTree = "<group>";
		};
/* End PBXGroup section */

/* Begin PBXNativeTarget section */
		047FEB3421BC0EF200B072B3 /* Trivia */ = {
			isa = PBXNativeTarget;
			buildConfigurationList = 047FEB4721BC0EF300B072B3 /* Build configuration list for PBXNativeTarget "Trivia" */;
			buildPhases = (
				62D15CCA0DCF8B5F260B7F68 /* [CP] Check Pods Manifest.lock */,
				047FEB3121BC0EF200B072B3 /* Sources */,
				047FEB3221BC0EF200B072B3 /* Frameworks */,
				047FEB3321BC0EF200B072B3 /* Resources */,
				F4ABE68EF2ECC86E74533AC5 /* [CP] Embed Pods Frameworks */,
			);
			buildRules = (
			);
			dependencies = (
			);
			name = Trivia;
			productName = Trivia;
			productReference = 047FEB3521BC0EF200B072B3 /* Trivia.app */;
			productType = "com.apple.product-type.application";
		};
/* End PBXNativeTarget section */

/* Begin PBXProject section */
		047FEB2D21BC0EF200B072B3 /* Project object */ = {
			isa = PBXProject;
			attributes = {
				LastSwiftUpdateCheck = 1010;
				LastUpgradeCheck = 1010;
				ORGANIZATIONNAME = Noud;
				TargetAttributes = {
					047FEB3421BC0EF200B072B3 = {
						CreatedOnToolsVersion = 10.1;
					};
				};
			};
			buildConfigurationList = 047FEB3021BC0EF200B072B3 /* Build configuration list for PBXProject "Trivia" */;
			compatibilityVersion = "Xcode 9.3";
			developmentRegion = en;
			hasScannedForEncodings = 0;
			knownRegions = (
				en,
				Base,
			);
			mainGroup = 047FEB2C21BC0EF200B072B3;
			productRefGroup = 047FEB3621BC0EF200B072B3 /* Products */;
			projectDirPath = "";
			projectRoot = "";
			targets = (
				047FEB3421BC0EF200B072B3 /* Trivia */,
			);
		};
/* End PBXProject section */

/* Begin PBXResourcesBuildPhase section */
		047FEB3321BC0EF200B072B3 /* Resources */ = {
			isa = PBXResourcesBuildPhase;
			buildActionMask = 2147483647;
			files = (
				047FEB4321BC0EF300B072B3 /* LaunchScreen.storyboard in Resources */,
				047FEB4021BC0EF300B072B3 /* Assets.xcassets in Resources */,
				047FEB3E21BC0EF200B072B3 /* Main.storyboard in Resources */,
			);
			runOnlyForDeploymentPostprocessing = 0;
		};
/* End PBXResourcesBuildPhase section */

/* Begin PBXShellScriptBuildPhase section */
		62D15CCA0DCF8B5F260B7F68 /* [CP] Check Pods Manifest.lock */ = {
			isa = PBXShellScriptBuildPhase;
			buildActionMask = 2147483647;
			files = (
			);
			inputFileListPaths = (
			);
			inputPaths = (
				"${PODS_PODFILE_DIR_PATH}/Podfile.lock",
				"${PODS_ROOT}/Manifest.lock",
			);
			name = "[CP] Check Pods Manifest.lock";
			outputFileListPaths = (
			);
			outputPaths = (
				"$(DERIVED_FILE_DIR)/Pods-Trivia-checkManifestLockResult.txt",
			);
			runOnlyForDeploymentPostprocessing = 0;
			shellPath = /bin/sh;
			shellScript = "diff \"${PODS_PODFILE_DIR_PATH}/Podfile.lock\" \"${PODS_ROOT}/Manifest.lock\" > /dev/null\nif [ $? != 0 ] ; then\n    # print error to STDERR\n    echo \"error: The sandbox is not in sync with the Podfile.lock. Run 'pod install' or update your CocoaPods installation.\" >&2\n    exit 1\nfi\n# This output is used by Xcode 'outputs' to avoid re-running this script phase.\necho \"SUCCESS\" > \"${SCRIPT_OUTPUT_FILE_0}\"\n";
			showEnvVarsInLog = 0;
		};
		F4ABE68EF2ECC86E74533AC5 /* [CP] Embed Pods Frameworks */ = {
			isa = PBXShellScriptBuildPhase;
			buildActionMask = 2147483647;
			files = (
			);
			inputFileListPaths = (
			);
			inputPaths = (
				"${SRCROOT}/Pods/Target Support Files/Pods-Trivia/Pods-Trivia-frameworks.sh",
				"${BUILT_PRODUCTS_DIR}/HTMLString/HTMLString.framework",
			);
			name = "[CP] Embed Pods Frameworks";
			outputFileListPaths = (
			);
			outputPaths = (
				"${TARGET_BUILD_DIR}/${FRAMEWORKS_FOLDER_PATH}/HTMLString.framework",
			);
			runOnlyForDeploymentPostprocessing = 0;
			shellPath = /bin/sh;
			shellScript = "\"${SRCROOT}/Pods/Target Support Files/Pods-Trivia/Pods-Trivia-frameworks.sh\"\n";
			showEnvVarsInLog = 0;
		};
/* End PBXShellScriptBuildPhase section */

/* Begin PBXSourcesBuildPhase section */
		047FEB3121BC0EF200B072B3 /* Sources */ = {
			isa = PBXSourcesBuildPhase;
			buildActionMask = 2147483647;
			files = (
				047FEB5321BD24FA00B072B3 /* MenuController.swift in Sources */,
				0416779821C46F86007EB8F0 /* TableViewController.swift in Sources */,
				0478027721BFC3FC00453EC7 /* CurrentGame.swift in Sources */,
				0457D6D521BFD081008E4232 /* AchievedScoreViewController.swift in Sources */,
				047FEB5521BD2CDE00B072B3 /* Questions.swift in Sources */,
				04F1F7E021C11955001B7E55 /* Score.swift in Sources */,
				047FEB5721BD2DE800B072B3 /* HighScoreController.swift in Sources */,
				0416779421C46CE3007EB8F0 /* TableViewCell.swift in Sources */,
				047FEB5121BC147D00B072B3 /* TriviaViewController.swift in Sources */,
				047FEB4F21BC104400B072B3 /* CategoryViewController.swift in Sources */,
				0491341321C587D90087127B /* AllScores.swift in Sources */,
				047FEB3921BC0EF200B072B3 /* AppDelegate.swift in Sources */,
			);
			runOnlyForDeploymentPostprocessing = 0;
		};
/* End PBXSourcesBuildPhase section */

/* Begin PBXVariantGroup section */
		047FEB3C21BC0EF200B072B3 /* Main.storyboard */ = {
			isa = PBXVariantGroup;
			children = (
				047FEB3D21BC0EF200B072B3 /* Base */,
			);
			name = Main.storyboard;
			sourceTree = "<group>";
		};
		047FEB4121BC0EF300B072B3 /* LaunchScreen.storyboard */ = {
			isa = PBXVariantGroup;
			children = (
				047FEB4221BC0EF300B072B3 /* Base */,
			);
			name = LaunchScreen.storyboard;
			sourceTree = "<group>";
		};
/* End PBXVariantGroup section */

/* Begin XCBuildConfiguration section */
		047FEB4521BC0EF300B072B3 /* Debug */ = {
			isa = XCBuildConfiguration;
			buildSettings = {
				ALWAYS_SEARCH_USER_PATHS = NO;
				CLANG_ANALYZER_NONNULL = YES;
				CLANG_ANALYZER_NUMBER_OBJECT_CONVERSION = YES_AGGRESSIVE;
				CLANG_CXX_LANGUAGE_STANDARD = "gnu++14";
				CLANG_CXX_LIBRARY = "libc++";
				CLANG_ENABLE_MODULES = YES;
				CLANG_ENABLE_OBJC_ARC = YES;
				CLANG_ENABLE_OBJC_WEAK = YES;
				CLANG_WARN_BLOCK_CAPTURE_AUTORELEASING = YES;
				CLANG_WARN_BOOL_CONVERSION = YES;
				CLANG_WARN_COMMA = YES;
				CLANG_WARN_CONSTANT_CONVERSION = YES;
				CLANG_WARN_DEPRECATED_OBJC_IMPLEMENTATIONS = YES;
				CLANG_WARN_DIRECT_OBJC_ISA_USAGE = YES_ERROR;
				CLANG_WARN_DOCUMENTATION_COMMENTS = YES;
				CLANG_WARN_EMPTY_BODY = YES;
				CLANG_WARN_ENUM_CONVERSION = YES;
				CLANG_WARN_INFINITE_RECURSION = YES;
				CLANG_WARN_INT_CONVERSION = YES;
				CLANG_WARN_NON_LITERAL_NULL_CONVERSION = YES;
				CLANG_WARN_OBJC_IMPLICIT_RETAIN_SELF = YES;
				CLANG_WARN_OBJC_LITERAL_CONVERSION = YES;
				CLANG_WARN_OBJC_ROOT_CLASS = YES_ERROR;
				CLANG_WARN_RANGE_LOOP_ANALYSIS = YES;
				CLANG_WARN_STRICT_PROTOTYPES = YES;
				CLANG_WARN_SUSPICIOUS_MOVE = YES;
				CLANG_WARN_UNGUARDED_AVAILABILITY = YES_AGGRESSIVE;
				CLANG_WARN_UNREACHABLE_CODE = YES;
				CLANG_WARN__DUPLICATE_METHOD_MATCH = YES;
				CODE_SIGN_IDENTITY = "iPhone Developer";
				COPY_PHASE_STRIP = NO;
				DEBUG_INFORMATION_FORMAT = dwarf;
				ENABLE_STRICT_OBJC_MSGSEND = YES;
				ENABLE_TESTABILITY = YES;
				GCC_C_LANGUAGE_STANDARD = gnu11;
				GCC_DYNAMIC_NO_PIC = NO;
				GCC_NO_COMMON_BLOCKS = YES;
				GCC_OPTIMIZATION_LEVEL = 0;
				GCC_PREPROCESSOR_DEFINITIONS = (
					"DEBUG=1",
					"$(inherited)",
				);
				GCC_WARN_64_TO_32_BIT_CONVERSION = YES;
				GCC_WARN_ABOUT_RETURN_TYPE = YES_ERROR;
				GCC_WARN_UNDECLARED_SELECTOR = YES;
				GCC_WARN_UNINITIALIZED_AUTOS = YES_AGGRESSIVE;
				GCC_WARN_UNUSED_FUNCTION = YES;
				GCC_WARN_UNUSED_VARIABLE = YES;
				IPHONEOS_DEPLOYMENT_TARGET = 12.1;
				MTL_ENABLE_DEBUG_INFO = INCLUDE_SOURCE;
				MTL_FAST_MATH = YES;
				ONLY_ACTIVE_ARCH = YES;
				SDKROOT = iphoneos;
				SWIFT_ACTIVE_COMPILATION_CONDITIONS = DEBUG;
				SWIFT_OPTIMIZATION_LEVEL = "-Onone";
			};
			name = Debug;
		};
		047FEB4621BC0EF300B072B3 /* Release */ = {
			isa = XCBuildConfiguration;
			buildSettings = {
				ALWAYS_SEARCH_USER_PATHS = NO;
				CLANG_ANALYZER_NONNULL = YES;
				CLANG_ANALYZER_NUMBER_OBJECT_CONVERSION = YES_AGGRESSIVE;
				CLANG_CXX_LANGUAGE_STANDARD = "gnu++14";
				CLANG_CXX_LIBRARY = "libc++";
				CLANG_ENABLE_MODULES = YES;
				CLANG_ENABLE_OBJC_ARC = YES;
				CLANG_ENABLE_OBJC_WEAK = YES;
				CLANG_WARN_BLOCK_CAPTURE_AUTORELEASING = YES;
				CLANG_WARN_BOOL_CONVERSION = YES;
				CLANG_WARN_COMMA = YES;
				CLANG_WARN_CONSTANT_CONVERSION = YES;
				CLANG_WARN_DEPRECATED_OBJC_IMPLEMENTATIONS = YES;
				CLANG_WARN_DIRECT_OBJC_ISA_USAGE = YES_ERROR;
				CLANG_WARN_DOCUMENTATION_COMMENTS = YES;
				CLANG_WARN_EMPTY_BODY = YES;
				CLANG_WARN_ENUM_CONVERSION = YES;
				CLANG_WARN_INFINITE_RECURSION = YES;
				CLANG_WARN_INT_CONVERSION = YES;
				CLANG_WARN_NON_LITERAL_NULL_CONVERSION = YES;
				CLANG_WARN_OBJC_IMPLICIT_RETAIN_SELF = YES;
				CLANG_WARN_OBJC_LITERAL_CONVERSION = YES;
				CLANG_WARN_OBJC_ROOT_CLASS = YES_ERROR;
				CLANG_WARN_RANGE_LOOP_ANALYSIS = YES;
				CLANG_WARN_STRICT_PROTOTYPES = YES;
				CLANG_WARN_SUSPICIOUS_MOVE = YES;
				CLANG_WARN_UNGUARDED_AVAILABILITY = YES_AGGRESSIVE;
				CLANG_WARN_UNREACHABLE_CODE = YES;
				CLANG_WARN__DUPLICATE_METHOD_MATCH = YES;
				CODE_SIGN_IDENTITY = "iPhone Developer";
				COPY_PHASE_STRIP = NO;
				DEBUG_INFORMATION_FORMAT = "dwarf-with-dsym";
				ENABLE_NS_ASSERTIONS = NO;
				ENABLE_STRICT_OBJC_MSGSEND = YES;
				GCC_C_LANGUAGE_STANDARD = gnu11;
				GCC_NO_COMMON_BLOCKS = YES;
				GCC_WARN_64_TO_32_BIT_CONVERSION = YES;
				GCC_WARN_ABOUT_RETURN_TYPE = YES_ERROR;
				GCC_WARN_UNDECLARED_SELECTOR = YES;
				GCC_WARN_UNINITIALIZED_AUTOS = YES_AGGRESSIVE;
				GCC_WARN_UNUSED_FUNCTION = YES;
				GCC_WARN_UNUSED_VARIABLE = YES;
				IPHONEOS_DEPLOYMENT_TARGET = 12.1;
				MTL_ENABLE_DEBUG_INFO = NO;
				MTL_FAST_MATH = YES;
				SDKROOT = iphoneos;
				SWIFT_COMPILATION_MODE = wholemodule;
				SWIFT_OPTIMIZATION_LEVEL = "-O";
				VALIDATE_PRODUCT = YES;
			};
			name = Release;
		};
		047FEB4821BC0EF300B072B3 /* Debug */ = {
			isa = XCBuildConfiguration;
			baseConfigurationReference = A1A6B48C3C16836E0630F0AF /* Pods-Trivia.debug.xcconfig */;
			buildSettings = {
				ASSETCATALOG_COMPILER_APPICON_NAME = AppIcon;
				CODE_SIGN_STYLE = Automatic;
				DEVELOPMENT_TEAM = 26388NSHH2;
				INFOPLIST_FILE = Trivia/Info.plist;
				LD_RUNPATH_SEARCH_PATHS = (
					"$(inherited)",
					"@executable_path/Frameworks",
				);
				PRODUCT_BUNDLE_IDENTIFIER = "noud.corten.Trivia-app";
				PRODUCT_NAME = "$(TARGET_NAME)";
				SWIFT_VERSION = 4.2;
				TARGETED_DEVICE_FAMILY = "1,2";
			};
			name = Debug;
		};
		047FEB4921BC0EF300B072B3 /* Release */ = {
			isa = XCBuildConfiguration;
			baseConfigurationReference = 52C27668CA8665C0D098B55F /* Pods-Trivia.release.xcconfig */;
			buildSettings = {
				ASSETCATALOG_COMPILER_APPICON_NAME = AppIcon;
				CODE_SIGN_STYLE = Automatic;
				DEVELOPMENT_TEAM = 26388NSHH2;
				INFOPLIST_FILE = Trivia/Info.plist;
				LD_RUNPATH_SEARCH_PATHS = (
					"$(inherited)",
					"@executable_path/Frameworks",
				);
				PRODUCT_BUNDLE_IDENTIFIER = "noud.corten.Trivia-app";
				PRODUCT_NAME = "$(TARGET_NAME)";
				SWIFT_VERSION = 4.2;
				TARGETED_DEVICE_FAMILY = "1,2";
			};
			name = Release;
		};
/* End XCBuildConfiguration section */

/* Begin XCConfigurationList section */
		047FEB3021BC0EF200B072B3 /* Build configuration list for PBXProject "Trivia" */ = {
			isa = XCConfigurationList;
			buildConfigurations = (
				047FEB4521BC0EF300B072B3 /* Debug */,
				047FEB4621BC0EF300B072B3 /* Release */,
			);
			defaultConfigurationIsVisible = 0;
			defaultConfigurationName = Release;
		};
		047FEB4721BC0EF300B072B3 /* Build configuration list for PBXNativeTarget "Trivia" */ = {
			isa = XCConfigurationList;
			buildConfigurations = (
				047FEB4821BC0EF300B072B3 /* Debug */,
				047FEB4921BC0EF300B072B3 /* Release */,
			);
			defaultConfigurationIsVisible = 0;
			defaultConfigurationName = Release;
		};
/* End XCConfigurationList section */
	};
	rootObject = 047FEB2D21BC0EF200B072B3 /* Project object */;
}
